PODS:
  - CHTCollectionViewWaterfallLayout (0.7)
  - Ensembles (2.1):
    - Ensembles/Core
  - Ensembles/CloudKit (2.1):
    - Ensembles/Core
  - Ensembles/Core (2.1)
  - SVProgressHUD (1.0)

DEPENDENCIES:
  - CHTCollectionViewWaterfallLayout (~> 0.7)
  - Ensembles (~> 2.1)
  - Ensembles/CloudKit (~> 2.1)
  - SVProgressHUD (~> 1.0)

SPEC CHECKSUMS:
  CHTCollectionViewWaterfallLayout: 184d3b6d5456b48e93ac97e93e606bd8b68aedcc
  Ensembles: 4b3a81eb8efcac7a28077397acd8bd482d384e8f
  SVProgressHUD: 5034c6e22b8c2ca3e09402e48d41ed0340aa1c50

COCOAPODS: 0.34.4
