// !$*UTF8*$!
{
	archiveVersion = 1;
	classes = {
	};
	objectVersion = 46;
	objects = {

/* Begin PBXBuildFile section */
		5F012145190BFAD000C36277 /* Foundation.framework in Frameworks */ = {isa = PBXBuildFile; fileRef = 5F012144190BFAD000C36277 /* Foundation.framework */; };
		5F012147190BFAD000C36277 /* CoreGraphics.framework in Frameworks */ = {isa = PBXBuildFile; fileRef = 5F012146190BFAD000C36277 /* CoreGraphics.framework */; };
		5F012149190BFAD000C36277 /* UIKit.framework in Frameworks */ = {isa = PBXBuildFile; fileRef = 5F012148190BFAD000C36277 /* UIKit.framework */; };
		5F01214F190BFAD000C36277 /* InfoPlist.strings in Resources */ = {isa = PBXBuildFile; fileRef = 5F01214D190BFAD000C36277 /* InfoPlist.strings */; };
		5F012151190BFAD000C36277 /* main.m in Sources */ = {isa = PBXBuildFile; fileRef = 5F012150190BFAD000C36277 /* main.m */; };
		5F012155190BFAD000C36277 /* AppDelegate.m in Sources */ = {isa = PBXBuildFile; fileRef = 5F012154190BFAD000C36277 /* AppDelegate.m */; };
		5F012158190BFAD000C36277 /* Main.storyboard in Resources */ = {isa = PBXBuildFile; fileRef = 5F012156190BFAD000C36277 /* Main.storyboard */; };
		5F01215D190BFAD000C36277 /* Images.xcassets in Resources */ = {isa = PBXBuildFile; fileRef = 5F01215C190BFAD000C36277 /* Images.xcassets */; };
		5F012164190BFAD000C36277 /* XCTest.framework in Frameworks */ = {isa = PBXBuildFile; fileRef = 5F012163190BFAD000C36277 /* XCTest.framework */; };
		5F012165190BFAD000C36277 /* Foundation.framework in Frameworks */ = {isa = PBXBuildFile; fileRef = 5F012144190BFAD000C36277 /* Foundation.framework */; };
		5F012166190BFAD000C36277 /* UIKit.framework in Frameworks */ = {isa = PBXBuildFile; fileRef = 5F012148190BFAD000C36277 /* UIKit.framework */; };
		5F01216E190BFAD000C36277 /* InfoPlist.strings in Resources */ = {isa = PBXBuildFile; fileRef = 5F01216C190BFAD000C36277 /* InfoPlist.strings */; };
		5F01217C190C05D800C36277 /* WardrobeModel.xcdatamodeld in Sources */ = {isa = PBXBuildFile; fileRef = 5F01217A190C05D800C36277 /* WardrobeModel.xcdatamodeld */; };
		5F012191190CF21600C36277 /* ItemsCollectionViewController.m in Sources */ = {isa = PBXBuildFile; fileRef = 5F012190190CF21600C36277 /* ItemsCollectionViewController.m */; };
		5F01219B190CFF6800C36277 /* MainTabBarViewController.m in Sources */ = {isa = PBXBuildFile; fileRef = 5F01219A190CFF6800C36277 /* MainTabBarViewController.m */; };
		5F10A835192E23940079D26B /* ItemTests.m in Sources */ = {isa = PBXBuildFile; fileRef = 5F10A834192E23940079D26B /* ItemTests.m */; };
		5F10A838192E25570079D26B /* Item+Service.m in Sources */ = {isa = PBXBuildFile; fileRef = 5F10A837192E25570079D26B /* Item+Service.m */; };
		5F10A83E192E3C7B0079D26B /* Look.m in Sources */ = {isa = PBXBuildFile; fileRef = 5F10A83D192E3C7B0079D26B /* Look.m */; };
		5F10A841192E3C7B0079D26B /* Item.m in Sources */ = {isa = PBXBuildFile; fileRef = 5F10A840192E3C7B0079D26B /* Item.m */; };
		5F6A40781928AC0F00E40606 /* Tag+Service.m in Sources */ = {isa = PBXBuildFile; fileRef = 5F6A40771928AC0F00E40606 /* Tag+Service.m */; };
		5F6A40821928AC3F00E40606 /* Location.m in Sources */ = {isa = PBXBuildFile; fileRef = 5F6A407C1928AC3F00E40606 /* Location.m */; };
		5F6A40841928AC3F00E40606 /* Tag.m in Sources */ = {isa = PBXBuildFile; fileRef = 5F6A40801928AC3F00E40606 /* Tag.m */; };
		5FC5CEC51928F1B900B237E3 /* TagTests.m in Sources */ = {isa = PBXBuildFile; fileRef = 5FC5CEC41928F1B900B237E3 /* TagTests.m */; };
		5FC5CEC81928F27600B237E3 /* IWContextManager.m in Sources */ = {isa = PBXBuildFile; fileRef = 5FC5CEC71928F27600B237E3 /* IWContextManager.m */; };
		5FDD5DAD19BAA0FB00A4EA26 /* LooksViewController.m in Sources */ = {isa = PBXBuildFile; fileRef = 5FDD5DAC19BAA0FB00A4EA26 /* LooksViewController.m */; };
		5FDD5DB019BAA70F00A4EA26 /* Look+IW_Service.m in Sources */ = {isa = PBXBuildFile; fileRef = 5FDD5DAF19BAA70F00A4EA26 /* Look+IW_Service.m */; };
		5FDD5DB319BAAE6E00A4EA26 /* IWStringGenerator.m in Sources */ = {isa = PBXBuildFile; fileRef = 5FDD5DB219BAAE6E00A4EA26 /* IWStringGenerator.m */; };
		5FF9C24219448F9B00F7C2AD /* IWItemCollectionViewCell.m in Sources */ = {isa = PBXBuildFile; fileRef = 5FF9C24119448F9B00F7C2AD /* IWItemCollectionViewCell.m */; };
		5FF9C246194495C700F7C2AD /* IWImageUtil.m in Sources */ = {isa = PBXBuildFile; fileRef = 5FF9C245194495C700F7C2AD /* IWImageUtil.m */; };
		5FF9C24A194496F300F7C2AD /* DFDateFormatterFactory.m in Sources */ = {isa = PBXBuildFile; fileRef = 5FF9C249194496F300F7C2AD /* DFDateFormatterFactory.m */; };
		C53FEA241878428190EFE16C /* libPods.a in Frameworks */ = {isa = PBXBuildFile; fileRef = 2B17EE68EF3B469D85216747 /* libPods.a */; };
/* End PBXBuildFile section */

/* Begin PBXContainerItemProxy section */
		5F012167190BFAD000C36277 /* PBXContainerItemProxy */ = {
			isa = PBXContainerItemProxy;
			containerPortal = 5F012139190BFAD000C36277 /* Project object */;
			proxyType = 1;
			remoteGlobalIDString = 5F012140190BFAD000C36277;
			remoteInfo = iWardrobe;
		};
/* End PBXContainerItemProxy section */

/* Begin PBXFileReference section */
		2B17EE68EF3B469D85216747 /* libPods.a */ = {isa = PBXFileReference; explicitFileType = archive.ar; includeInIndex = 0; path = libPods.a; sourceTree = BUILT_PRODUCTS_DIR; };
		34421CEB34DB45E2B41DA7D1 /* Pods.xcconfig */ = {isa = PBXFileReference; includeInIndex = 1; lastKnownFileType = text.xcconfig; name = Pods.xcconfig; path = Pods/Pods.xcconfig; sourceTree = "<group>"; };
		5F012141190BFAD000C36277 /* iWardrobe.app */ = {isa = PBXFileReference; explicitFileType = wrapper.application; includeInIndex = 0; path = iWardrobe.app; sourceTree = BUILT_PRODUCTS_DIR; };
		5F012144190BFAD000C36277 /* Foundation.framework */ = {isa = PBXFileReference; lastKnownFileType = wrapper.framework; name = Foundation.framework; path = System/Library/Frameworks/Foundation.framework; sourceTree = SDKROOT; };
		5F012146190BFAD000C36277 /* CoreGraphics.framework */ = {isa = PBXFileReference; lastKnownFileType = wrapper.framework; name = CoreGraphics.framework; path = System/Library/Frameworks/CoreGraphics.framework; sourceTree = SDKROOT; };
		5F012148190BFAD000C36277 /* UIKit.framework */ = {isa = PBXFileReference; lastKnownFileType = wrapper.framework; name = UIKit.framework; path = System/Library/Frameworks/UIKit.framework; sourceTree = SDKROOT; };
		5F01214C190BFAD000C36277 /* iWardrobe-Info.plist */ = {isa = PBXFileReference; lastKnownFileType = text.plist.xml; path = "iWardrobe-Info.plist"; sourceTree = "<group>"; };
		5F01214E190BFAD000C36277 /* en */ = {isa = PBXFileReference; lastKnownFileType = text.plist.strings; name = en; path = en.lproj/InfoPlist.strings; sourceTree = "<group>"; };
		5F012150190BFAD000C36277 /* main.m */ = {isa = PBXFileReference; lastKnownFileType = sourcecode.c.objc; path = main.m; sourceTree = "<group>"; };
		5F012152190BFAD000C36277 /* iWardrobe-Prefix.pch */ = {isa = PBXFileReference; lastKnownFileType = sourcecode.c.h; path = "iWardrobe-Prefix.pch"; sourceTree = "<group>"; };
		5F012153190BFAD000C36277 /* AppDelegate.h */ = {isa = PBXFileReference; lastKnownFileType = sourcecode.c.h; path = AppDelegate.h; sourceTree = "<group>"; };
		5F012154190BFAD000C36277 /* AppDelegate.m */ = {isa = PBXFileReference; lastKnownFileType = sourcecode.c.objc; path = AppDelegate.m; sourceTree = "<group>"; };
		5F012157190BFAD000C36277 /* Base */ = {isa = PBXFileReference; lastKnownFileType = file.storyboard; name = Base; path = Base.lproj/Main.storyboard; sourceTree = "<group>"; };
		5F01215C190BFAD000C36277 /* Images.xcassets */ = {isa = PBXFileReference; lastKnownFileType = folder.assetcatalog; path = Images.xcassets; sourceTree = "<group>"; };
		5F012162190BFAD000C36277 /* iWardrobeTests.xctest */ = {isa = PBXFileReference; explicitFileType = wrapper.cfbundle; includeInIndex = 0; path = iWardrobeTests.xctest; sourceTree = BUILT_PRODUCTS_DIR; };
		5F012163190BFAD000C36277 /* XCTest.framework */ = {isa = PBXFileReference; lastKnownFileType = wrapper.framework; name = XCTest.framework; path = Library/Frameworks/XCTest.framework; sourceTree = DEVELOPER_DIR; };
		5F01216B190BFAD000C36277 /* iWardrobeTests-Info.plist */ = {isa = PBXFileReference; lastKnownFileType = text.plist.xml; path = "iWardrobeTests-Info.plist"; sourceTree = "<group>"; };
		5F01216D190BFAD000C36277 /* en */ = {isa = PBXFileReference; lastKnownFileType = text.plist.strings; name = en; path = en.lproj/InfoPlist.strings; sourceTree = "<group>"; };
		5F01217B190C05D800C36277 /* WardrobeModel.xcdatamodel */ = {isa = PBXFileReference; lastKnownFileType = wrapper.xcdatamodel; path = WardrobeModel.xcdatamodel; sourceTree = "<group>"; };
		5F01218F190CF21600C36277 /* ItemsCollectionViewController.h */ = {isa = PBXFileReference; fileEncoding = 4; lastKnownFileType = sourcecode.c.h; path = ItemsCollectionViewController.h; sourceTree = "<group>"; };
		5F012190190CF21600C36277 /* ItemsCollectionViewController.m */ = {isa = PBXFileReference; fileEncoding = 4; lastKnownFileType = sourcecode.c.objc; path = ItemsCollectionViewController.m; sourceTree = "<group>"; };
		5F012199190CFF6800C36277 /* MainTabBarViewController.h */ = {isa = PBXFileReference; fileEncoding = 4; lastKnownFileType = sourcecode.c.h; path = MainTabBarViewController.h; sourceTree = "<group>"; };
		5F01219A190CFF6800C36277 /* MainTabBarViewController.m */ = {isa = PBXFileReference; fileEncoding = 4; lastKnownFileType = sourcecode.c.objc; path = MainTabBarViewController.m; sourceTree = "<group>"; };
		5F10A834192E23940079D26B /* ItemTests.m */ = {isa = PBXFileReference; fileEncoding = 4; lastKnownFileType = sourcecode.c.objc; path = ItemTests.m; sourceTree = "<group>"; };
		5F10A836192E25570079D26B /* Item+Service.h */ = {isa = PBXFileReference; fileEncoding = 4; lastKnownFileType = sourcecode.c.h; name = "Item+Service.h"; path = "model/Item+Service.h"; sourceTree = "<group>"; };
		5F10A837192E25570079D26B /* Item+Service.m */ = {isa = PBXFileReference; fileEncoding = 4; lastKnownFileType = sourcecode.c.objc; name = "Item+Service.m"; path = "model/Item+Service.m"; sourceTree = "<group>"; };
		5F10A83C192E3C7B0079D26B /* Look.h */ = {isa = PBXFileReference; fileEncoding = 4; lastKnownFileType = sourcecode.c.h; path = Look.h; sourceTree = "<group>"; };
		5F10A83D192E3C7B0079D26B /* Look.m */ = {isa = PBXFileReference; fileEncoding = 4; lastKnownFileType = sourcecode.c.objc; path = Look.m; sourceTree = "<group>"; };
		5F10A83F192E3C7B0079D26B /* Item.h */ = {isa = PBXFileReference; fileEncoding = 4; lastKnownFileType = sourcecode.c.h; path = Item.h; sourceTree = "<group>"; };
		5F10A840192E3C7B0079D26B /* Item.m */ = {isa = PBXFileReference; fileEncoding = 4; lastKnownFileType = sourcecode.c.objc; path = Item.m; sourceTree = "<group>"; };
		5F6A40761928AC0F00E40606 /* Tag+Service.h */ = {isa = PBXFileReference; fileEncoding = 4; lastKnownFileType = sourcecode.c.h; name = "Tag+Service.h"; path = "model/Tag+Service.h"; sourceTree = "<group>"; };
		5F6A40771928AC0F00E40606 /* Tag+Service.m */ = {isa = PBXFileReference; fileEncoding = 4; lastKnownFileType = sourcecode.c.objc; name = "Tag+Service.m"; path = "model/Tag+Service.m"; sourceTree = "<group>"; };
		5F6A407B1928AC3F00E40606 /* Location.h */ = {isa = PBXFileReference; fileEncoding = 4; lastKnownFileType = sourcecode.c.h; path = Location.h; sourceTree = "<group>"; };
		5F6A407C1928AC3F00E40606 /* Location.m */ = {isa = PBXFileReference; fileEncoding = 4; lastKnownFileType = sourcecode.c.objc; path = Location.m; sourceTree = "<group>"; };
		5F6A407F1928AC3F00E40606 /* Tag.h */ = {isa = PBXFileReference; fileEncoding = 4; lastKnownFileType = sourcecode.c.h; path = Tag.h; sourceTree = "<group>"; };
		5F6A40801928AC3F00E40606 /* Tag.m */ = {isa = PBXFileReference; fileEncoding = 4; lastKnownFileType = sourcecode.c.objc; path = Tag.m; sourceTree = "<group>"; };
		5FC5CEC41928F1B900B237E3 /* TagTests.m */ = {isa = PBXFileReference; fileEncoding = 4; lastKnownFileType = sourcecode.c.objc; path = TagTests.m; sourceTree = "<group>"; };
		5FC5CEC61928F27600B237E3 /* IWContextManager.h */ = {isa = PBXFileReference; fileEncoding = 4; lastKnownFileType = sourcecode.c.h; name = IWContextManager.h; path = model/IWContextManager.h; sourceTree = "<group>"; };
		5FC5CEC71928F27600B237E3 /* IWContextManager.m */ = {isa = PBXFileReference; fileEncoding = 4; lastKnownFileType = sourcecode.c.objc; name = IWContextManager.m; path = model/IWContextManager.m; sourceTree = "<group>"; };
		5FC5CECB1928F49000B237E3 /* IWDefine.h */ = {isa = PBXFileReference; fileEncoding = 4; lastKnownFileType = sourcecode.c.h; path = IWDefine.h; sourceTree = "<group>"; };
		5FDD5DAB19BAA0FB00A4EA26 /* LooksViewController.h */ = {isa = PBXFileReference; fileEncoding = 4; lastKnownFileType = sourcecode.c.h; path = LooksViewController.h; sourceTree = "<group>"; };
		5FDD5DAC19BAA0FB00A4EA26 /* LooksViewController.m */ = {isa = PBXFileReference; fileEncoding = 4; lastKnownFileType = sourcecode.c.objc; path = LooksViewController.m; sourceTree = "<group>"; };
		5FDD5DAE19BAA70F00A4EA26 /* Look+IW_Service.h */ = {isa = PBXFileReference; fileEncoding = 4; lastKnownFileType = sourcecode.c.h; path = "Look+IW_Service.h"; sourceTree = "<group>"; };
		5FDD5DAF19BAA70F00A4EA26 /* Look+IW_Service.m */ = {isa = PBXFileReference; fileEncoding = 4; lastKnownFileType = sourcecode.c.objc; path = "Look+IW_Service.m"; sourceTree = "<group>"; };
		5FDD5DB119BAAE6E00A4EA26 /* IWStringGenerator.h */ = {isa = PBXFileReference; fileEncoding = 4; lastKnownFileType = sourcecode.c.h; path = IWStringGenerator.h; sourceTree = "<group>"; };
		5FDD5DB219BAAE6E00A4EA26 /* IWStringGenerator.m */ = {isa = PBXFileReference; fileEncoding = 4; lastKnownFileType = sourcecode.c.objc; path = IWStringGenerator.m; sourceTree = "<group>"; };
		5FF9C24019448F9B00F7C2AD /* IWItemCollectionViewCell.h */ = {isa = PBXFileReference; fileEncoding = 4; lastKnownFileType = sourcecode.c.h; path = IWItemCollectionViewCell.h; sourceTree = "<group>"; };
		5FF9C24119448F9B00F7C2AD /* IWItemCollectionViewCell.m */ = {isa = PBXFileReference; fileEncoding = 4; lastKnownFileType = sourcecode.c.objc; path = IWItemCollectionViewCell.m; sourceTree = "<group>"; };
		5FF9C244194495C700F7C2AD /* IWImageUtil.h */ = {isa = PBXFileReference; fileEncoding = 4; lastKnownFileType = sourcecode.c.h; path = IWImageUtil.h; sourceTree = "<group>"; };
		5FF9C245194495C700F7C2AD /* IWImageUtil.m */ = {isa = PBXFileReference; fileEncoding = 4; lastKnownFileType = sourcecode.c.objc; path = IWImageUtil.m; sourceTree = "<group>"; };
		5FF9C248194496F300F7C2AD /* DFDateFormatterFactory.h */ = {isa = PBXFileReference; fileEncoding = 4; lastKnownFileType = sourcecode.c.h; path = DFDateFormatterFactory.h; sourceTree = "<group>"; };
		5FF9C249194496F300F7C2AD /* DFDateFormatterFactory.m */ = {isa = PBXFileReference; fileEncoding = 4; lastKnownFileType = sourcecode.c.objc; path = DFDateFormatterFactory.m; sourceTree = "<group>"; };
/* End PBXFileReference section */

/* Begin PBXFrameworksBuildPhase section */
		5F01213E190BFAD000C36277 /* Frameworks */ = {
			isa = PBXFrameworksBuildPhase;
			buildActionMask = 2147483647;
			files = (
				5F012147190BFAD000C36277 /* CoreGraphics.framework in Frameworks */,
				5F012149190BFAD000C36277 /* UIKit.framework in Frameworks */,
				5F012145190BFAD000C36277 /* Foundation.framework in Frameworks */,
				C53FEA241878428190EFE16C /* libPods.a in Frameworks */,
			);
			runOnlyForDeploymentPostprocessing = 0;
		};
		5F01215F190BFAD000C36277 /* Frameworks */ = {
			isa = PBXFrameworksBuildPhase;
			buildActionMask = 2147483647;
			files = (
				5F012164190BFAD000C36277 /* XCTest.framework in Frameworks */,
				5F012166190BFAD000C36277 /* UIKit.framework in Frameworks */,
				5F012165190BFAD000C36277 /* Foundation.framework in Frameworks */,
			);
			runOnlyForDeploymentPostprocessing = 0;
		};
/* End PBXFrameworksBuildPhase section */

/* Begin PBXGroup section */
		5F012138190BFAD000C36277 = {
			isa = PBXGroup;
			children = (
				5F01214A190BFAD000C36277 /* iWardrobe */,
				5F012169190BFAD000C36277 /* iWardrobeTests */,
				5F012143190BFAD000C36277 /* Frameworks */,
				5F012142190BFAD000C36277 /* Products */,
				34421CEB34DB45E2B41DA7D1 /* Pods.xcconfig */,
			);
			sourceTree = "<group>";
		};
		5F012142190BFAD000C36277 /* Products */ = {
			isa = PBXGroup;
			children = (
				5F012141190BFAD000C36277 /* iWardrobe.app */,
				5F012162190BFAD000C36277 /* iWardrobeTests.xctest */,
			);
			name = Products;
			sourceTree = "<group>";
		};
		5F012143190BFAD000C36277 /* Frameworks */ = {
			isa = PBXGroup;
			children = (
				5F012144190BFAD000C36277 /* Foundation.framework */,
				5F012146190BFAD000C36277 /* CoreGraphics.framework */,
				5F012148190BFAD000C36277 /* UIKit.framework */,
				5F012163190BFAD000C36277 /* XCTest.framework */,
				2B17EE68EF3B469D85216747 /* libPods.a */,
			);
			name = Frameworks;
			sourceTree = "<group>";
		};
		5F01214A190BFAD000C36277 /* iWardrobe */ = {
			isa = PBXGroup;
			children = (
				5FF9C2431944932C00F7C2AD /* Services */,
				5F012179190C05C400C36277 /* Model */,
				5FC5CEC91928F46300B237E3 /* Util */,
				5FF9C23F19448F7200F7C2AD /* Views */,
				5F012195190CF67500C36277 /* ViewControllers */,
				5FC5CECA1928F46B00B237E3 /* UI */,
				5F012153190BFAD000C36277 /* AppDelegate.h */,
				5F012154190BFAD000C36277 /* AppDelegate.m */,
				5F01215C190BFAD000C36277 /* Images.xcassets */,
				5F01214B190BFAD000C36277 /* Supporting Files */,
			);
			path = iWardrobe;
			sourceTree = "<group>";
		};
		5F01214B190BFAD000C36277 /* Supporting Files */ = {
			isa = PBXGroup;
			children = (
				5F01214C190BFAD000C36277 /* iWardrobe-Info.plist */,
				5F01214D190BFAD000C36277 /* InfoPlist.strings */,
				5F012150190BFAD000C36277 /* main.m */,
				5F012152190BFAD000C36277 /* iWardrobe-Prefix.pch */,
			);
			name = "Supporting Files";
			sourceTree = "<group>";
		};
		5F012169190BFAD000C36277 /* iWardrobeTests */ = {
			isa = PBXGroup;
			children = (
				5F01216A190BFAD000C36277 /* Supporting Files */,
				5FC5CEC41928F1B900B237E3 /* TagTests.m */,
				5F10A834192E23940079D26B /* ItemTests.m */,
			);
			path = iWardrobeTests;
			sourceTree = "<group>";
		};
		5F01216A190BFAD000C36277 /* Supporting Files */ = {
			isa = PBXGroup;
			children = (
				5F01216B190BFAD000C36277 /* iWardrobeTests-Info.plist */,
				5F01216C190BFAD000C36277 /* InfoPlist.strings */,
			);
			name = "Supporting Files";
			sourceTree = "<group>";
		};
		5F012179190C05C400C36277 /* Model */ = {
			isa = PBXGroup;
			children = (
				5F01217A190C05D800C36277 /* WardrobeModel.xcdatamodeld */,
				5F6A407B1928AC3F00E40606 /* Location.h */,
				5F6A407C1928AC3F00E40606 /* Location.m */,
				5F6A407F1928AC3F00E40606 /* Tag.h */,
				5F6A40801928AC3F00E40606 /* Tag.m */,
				5F10A83F192E3C7B0079D26B /* Item.h */,
				5F10A840192E3C7B0079D26B /* Item.m */,
				5F10A83C192E3C7B0079D26B /* Look.h */,
				5F10A83D192E3C7B0079D26B /* Look.m */,
			);
			name = Model;
			path = model;
			sourceTree = "<group>";
		};
		5F012195190CF67500C36277 /* ViewControllers */ = {
			isa = PBXGroup;
			children = (
				5F01218F190CF21600C36277 /* ItemsCollectionViewController.h */,
				5F012190190CF21600C36277 /* ItemsCollectionViewController.m */,
				5F012199190CFF6800C36277 /* MainTabBarViewController.h */,
				5F01219A190CFF6800C36277 /* MainTabBarViewController.m */,
				5FDD5DAB19BAA0FB00A4EA26 /* LooksViewController.h */,
				5FDD5DAC19BAA0FB00A4EA26 /* LooksViewController.m */,
			);
			name = ViewControllers;
			sourceTree = "<group>";
		};
		5FC5CEC91928F46300B237E3 /* Util */ = {
			isa = PBXGroup;
			children = (
				5FF9C247194496F300F7C2AD /* DFDateFormatterFactory */,
				5FC5CECB1928F49000B237E3 /* IWDefine.h */,
				5FF9C244194495C700F7C2AD /* IWImageUtil.h */,
				5FF9C245194495C700F7C2AD /* IWImageUtil.m */,
				5FDD5DB119BAAE6E00A4EA26 /* IWStringGenerator.h */,
				5FDD5DB219BAAE6E00A4EA26 /* IWStringGenerator.m */,
			);
			name = Util;
			sourceTree = "<group>";
		};
		5FC5CECA1928F46B00B237E3 /* UI */ = {
			isa = PBXGroup;
			children = (
				5F012156190BFAD000C36277 /* Main.storyboard */,
			);
			name = UI;
			sourceTree = "<group>";
		};
		5FF9C23F19448F7200F7C2AD /* Views */ = {
			isa = PBXGroup;
			children = (
				5FF9C24019448F9B00F7C2AD /* IWItemCollectionViewCell.h */,
				5FF9C24119448F9B00F7C2AD /* IWItemCollectionViewCell.m */,
			);
			name = Views;
			sourceTree = "<group>";
		};
		5FF9C2431944932C00F7C2AD /* Services */ = {
			isa = PBXGroup;
			children = (
				5FC5CEC61928F27600B237E3 /* IWContextManager.h */,
				5FC5CEC71928F27600B237E3 /* IWContextManager.m */,
				5F10A836192E25570079D26B /* Item+Service.h */,
				5F10A837192E25570079D26B /* Item+Service.m */,
				5F6A40761928AC0F00E40606 /* Tag+Service.h */,
				5F6A40771928AC0F00E40606 /* Tag+Service.m */,
				5FDD5DAE19BAA70F00A4EA26 /* Look+IW_Service.h */,
				5FDD5DAF19BAA70F00A4EA26 /* Look+IW_Service.m */,
			);
			name = Services;
			sourceTree = "<group>";
		};
		5FF9C247194496F300F7C2AD /* DFDateFormatterFactory */ = {
			isa = PBXGroup;
			children = (
				5FF9C248194496F300F7C2AD /* DFDateFormatterFactory.h */,
				5FF9C249194496F300F7C2AD /* DFDateFormatterFactory.m */,
			);
			path = DFDateFormatterFactory;
			sourceTree = "<group>";
		};
/* End PBXGroup section */

/* Begin PBXNativeTarget section */
		5F012140190BFAD000C36277 /* iWardrobe */ = {
			isa = PBXNativeTarget;
			buildConfigurationList = 5F012173190BFAD000C36277 /* Build configuration list for PBXNativeTarget "iWardrobe" */;
			buildPhases = (
				933B475DED574232A9878F43 /* Check Pods Manifest.lock */,
				5F01213D190BFAD000C36277 /* Sources */,
				5F01213E190BFAD000C36277 /* Frameworks */,
				5F01213F190BFAD000C36277 /* Resources */,
				478DDF57263848D19877C26B /* Copy Pods Resources */,
			);
			buildRules = (
			);
			dependencies = (
			);
			name = iWardrobe;
			productName = iWardrobe;
			productReference = 5F012141190BFAD000C36277 /* iWardrobe.app */;
			productType = "com.apple.product-type.application";
		};
		5F012161190BFAD000C36277 /* iWardrobeTests */ = {
			isa = PBXNativeTarget;
			buildConfigurationList = 5F012176190BFAD000C36277 /* Build configuration list for PBXNativeTarget "iWardrobeTests" */;
			buildPhases = (
				5F01215E190BFAD000C36277 /* Sources */,
				5F01215F190BFAD000C36277 /* Frameworks */,
				5F012160190BFAD000C36277 /* Resources */,
			);
			buildRules = (
			);
			dependencies = (
				5F012168190BFAD000C36277 /* PBXTargetDependency */,
			);
			name = iWardrobeTests;
			productName = iWardrobeTests;
			productReference = 5F012162190BFAD000C36277 /* iWardrobeTests.xctest */;
			productType = "com.apple.product-type.bundle.unit-test";
		};
/* End PBXNativeTarget section */

/* Begin PBXProject section */
		5F012139190BFAD000C36277 /* Project object */ = {
			isa = PBXProject;
			attributes = {
				LastUpgradeCheck = 0510;
				ORGANIZATIONNAME = Vito;
				TargetAttributes = {
					5F012161190BFAD000C36277 = {
						TestTargetID = 5F012140190BFAD000C36277;
					};
				};
			};
			buildConfigurationList = 5F01213C190BFAD000C36277 /* Build configuration list for PBXProject "iWardrobe" */;
			compatibilityVersion = "Xcode 3.2";
			developmentRegion = English;
			hasScannedForEncodings = 0;
			knownRegions = (
				en,
				Base,
			);
			mainGroup = 5F012138190BFAD000C36277;
			productRefGroup = 5F012142190BFAD000C36277 /* Products */;
			projectDirPath = "";
			projectRoot = "";
			targets = (
				5F012140190BFAD000C36277 /* iWardrobe */,
				5F012161190BFAD000C36277 /* iWardrobeTests */,
			);
		};
/* End PBXProject section */

/* Begin PBXResourcesBuildPhase section */
		5F01213F190BFAD000C36277 /* Resources */ = {
			isa = PBXResourcesBuildPhase;
			buildActionMask = 2147483647;
			files = (
				5F01215D190BFAD000C36277 /* Images.xcassets in Resources */,
				5F01214F190BFAD000C36277 /* InfoPlist.strings in Resources */,
				5F012158190BFAD000C36277 /* Main.storyboard in Resources */,
			);
			runOnlyForDeploymentPostprocessing = 0;
		};
		5F012160190BFAD000C36277 /* Resources */ = {
			isa = PBXResourcesBuildPhase;
			buildActionMask = 2147483647;
			files = (
				5F01216E190BFAD000C36277 /* InfoPlist.strings in Resources */,
			);
			runOnlyForDeploymentPostprocessing = 0;
		};
/* End PBXResourcesBuildPhase section */

/* Begin PBXShellScriptBuildPhase section */
		478DDF57263848D19877C26B /* Copy Pods Resources */ = {
			isa = PBXShellScriptBuildPhase;
			buildActionMask = 2147483647;
			files = (
			);
			inputPaths = (
			);
			name = "Copy Pods Resources";
			outputPaths = (
			);
			runOnlyForDeploymentPostprocessing = 0;
			shellPath = /bin/sh;
			shellScript = "\"${SRCROOT}/Pods/Pods-resources.sh\"\n";
			showEnvVarsInLog = 0;
		};
		933B475DED574232A9878F43 /* Check Pods Manifest.lock */ = {
			isa = PBXShellScriptBuildPhase;
			buildActionMask = 2147483647;
			files = (
			);
			inputPaths = (
			);
			name = "Check Pods Manifest.lock";
			outputPaths = (
			);
			runOnlyForDeploymentPostprocessing = 0;
			shellPath = /bin/sh;
			shellScript = "diff \"${PODS_ROOT}/../Podfile.lock\" \"${PODS_ROOT}/Manifest.lock\" > /dev/null\nif [[ $? != 0 ]] ; then\n    cat << EOM\nerror: The sandbox is not in sync with the Podfile.lock. Run 'pod install' or update your CocoaPods installation.\nEOM\n    exit 1\nfi\n";
			showEnvVarsInLog = 0;
		};
/* End PBXShellScriptBuildPhase section */

/* Begin PBXSourcesBuildPhase section */
		5F01213D190BFAD000C36277 /* Sources */ = {
			isa = PBXSourcesBuildPhase;
			buildActionMask = 2147483647;
			files = (
				5F10A841192E3C7B0079D26B /* Item.m in Sources */,
				5F10A83E192E3C7B0079D26B /* Look.m in Sources */,
				5F6A40821928AC3F00E40606 /* Location.m in Sources */,
				5F01217C190C05D800C36277 /* WardrobeModel.xcdatamodeld in Sources */,
				5F012155190BFAD000C36277 /* AppDelegate.m in Sources */,
				5FC5CEC81928F27600B237E3 /* IWContextManager.m in Sources */,
				5FDD5DB019BAA70F00A4EA26 /* Look+IW_Service.m in Sources */,
				5F012151190BFAD000C36277 /* main.m in Sources */,
				5FDD5DAD19BAA0FB00A4EA26 /* LooksViewController.m in Sources */,
				5FF9C24A194496F300F7C2AD /* DFDateFormatterFactory.m in Sources */,
				5FF9C24219448F9B00F7C2AD /* IWItemCollectionViewCell.m in Sources */,
				5F01219B190CFF6800C36277 /* MainTabBarViewController.m in Sources */,
				5FF9C246194495C700F7C2AD /* IWImageUtil.m in Sources */,
				5F6A40841928AC3F00E40606 /* Tag.m in Sources */,
				5FDD5DB319BAAE6E00A4EA26 /* IWStringGenerator.m in Sources */,
				5F6A40781928AC0F00E40606 /* Tag+Service.m in Sources */,
				5F10A838192E25570079D26B /* Item+Service.m in Sources */,
				5F012191190CF21600C36277 /* ItemsCollectionViewController.m in Sources */,
			);
			runOnlyForDeploymentPostprocessing = 0;
		};
		5F01215E190BFAD000C36277 /* Sources */ = {
			isa = PBXSourcesBuildPhase;
			buildActionMask = 2147483647;
			files = (
				5F10A835192E23940079D26B /* ItemTests.m in Sources */,
				5FC5CEC51928F1B900B237E3 /* TagTests.m in Sources */,
			);
			runOnlyForDeploymentPostprocessing = 0;
		};
/* End PBXSourcesBuildPhase section */

/* Begin PBXTargetDependency section */
		5F012168190BFAD000C36277 /* PBXTargetDependency */ = {
			isa = PBXTargetDependency;
			target = 5F012140190BFAD000C36277 /* iWardrobe */;
			targetProxy = 5F012167190BFAD000C36277 /* PBXContainerItemProxy */;
		};
/* End PBXTargetDependency section */

/* Begin PBXVariantGroup section */
		5F01214D190BFAD000C36277 /* InfoPlist.strings */ = {
			isa = PBXVariantGroup;
			children = (
				5F01214E190BFAD000C36277 /* en */,
			);
			name = InfoPlist.strings;
			sourceTree = "<group>";
		};
		5F012156190BFAD000C36277 /* Main.storyboard */ = {
			isa = PBXVariantGroup;
			children = (
				5F012157190BFAD000C36277 /* Base */,
			);
			name = Main.storyboard;
			sourceTree = "<group>";
		};
		5F01216C190BFAD000C36277 /* InfoPlist.strings */ = {
			isa = PBXVariantGroup;
			children = (
				5F01216D190BFAD000C36277 /* en */,
			);
			name = InfoPlist.strings;
			sourceTree = "<group>";
		};
/* End PBXVariantGroup section */

/* Begin XCBuildConfiguration section */
		5F012171190BFAD000C36277 /* Debug */ = {
			isa = XCBuildConfiguration;
			buildSettings = {
				ALWAYS_SEARCH_USER_PATHS = NO;
				CLANG_CXX_LANGUAGE_STANDARD = "gnu++0x";
				CLANG_CXX_LIBRARY = "libc++";
				CLANG_ENABLE_MODULES = YES;
				CLANG_ENABLE_OBJC_ARC = YES;
				CLANG_WARN_BOOL_CONVERSION = YES;
				CLANG_WARN_CONSTANT_CONVERSION = YES;
				CLANG_WARN_DIRECT_OBJC_ISA_USAGE = YES_ERROR;
				CLANG_WARN_EMPTY_BODY = YES;
				CLANG_WARN_ENUM_CONVERSION = YES;
				CLANG_WARN_INT_CONVERSION = YES;
				CLANG_WARN_OBJC_ROOT_CLASS = YES_ERROR;
				CLANG_WARN__DUPLICATE_METHOD_MATCH = YES;
				"CODE_SIGN_IDENTITY[sdk=iphoneos*]" = "iPhone Developer";
				COPY_PHASE_STRIP = NO;
				GCC_C_LANGUAGE_STANDARD = gnu99;
				GCC_DYNAMIC_NO_PIC = NO;
				GCC_OPTIMIZATION_LEVEL = 0;
				GCC_PREPROCESSOR_DEFINITIONS = (
					"DEBUG=1",
					"$(inherited)",
				);
				GCC_SYMBOLS_PRIVATE_EXTERN = NO;
				GCC_WARN_64_TO_32_BIT_CONVERSION = YES;
				GCC_WARN_ABOUT_RETURN_TYPE = YES_ERROR;
				GCC_WARN_UNDECLARED_SELECTOR = YES;
				GCC_WARN_UNINITIALIZED_AUTOS = YES_AGGRESSIVE;
				GCC_WARN_UNUSED_FUNCTION = YES;
				GCC_WARN_UNUSED_VARIABLE = YES;
				IPHONEOS_DEPLOYMENT_TARGET = 7.1;
				ONLY_ACTIVE_ARCH = YES;
				SDKROOT = iphoneos;
			};
			name = Debug;
		};
		5F012172190BFAD000C36277 /* Release */ = {
			isa = XCBuildConfiguration;
			buildSettings = {
				ALWAYS_SEARCH_USER_PATHS = NO;
				CLANG_CXX_LANGUAGE_STANDARD = "gnu++0x";
				CLANG_CXX_LIBRARY = "libc++";
				CLANG_ENABLE_MODULES = YES;
				CLANG_ENABLE_OBJC_ARC = YES;
				CLANG_WARN_BOOL_CONVERSION = YES;
				CLANG_WARN_CONSTANT_CONVERSION = YES;
				CLANG_WARN_DIRECT_OBJC_ISA_USAGE = YES_ERROR;
				CLANG_WARN_EMPTY_BODY = YES;
				CLANG_WARN_ENUM_CONVERSION = YES;
				CLANG_WARN_INT_CONVERSION = YES;
				CLANG_WARN_OBJC_ROOT_CLASS = YES_ERROR;
				CLANG_WARN__DUPLICATE_METHOD_MATCH = YES;
				"CODE_SIGN_IDENTITY[sdk=iphoneos*]" = "iPhone Developer";
				COPY_PHASE_STRIP = YES;
				ENABLE_NS_ASSERTIONS = NO;
				GCC_C_LANGUAGE_STANDARD = gnu99;
				GCC_WARN_64_TO_32_BIT_CONVERSION = YES;
				GCC_WARN_ABOUT_RETURN_TYPE = YES_ERROR;
				GCC_WARN_UNDECLARED_SELECTOR = YES;
				GCC_WARN_UNINITIALIZED_AUTOS = YES_AGGRESSIVE;
				GCC_WARN_UNUSED_FUNCTION = YES;
				GCC_WARN_UNUSED_VARIABLE = YES;
				IPHONEOS_DEPLOYMENT_TARGET = 7.1;
				SDKROOT = iphoneos;
				VALIDATE_PRODUCT = YES;
			};
			name = Release;
		};
		5F012174190BFAD000C36277 /* Debug */ = {
			isa = XCBuildConfiguration;
			baseConfigurationReference = 34421CEB34DB45E2B41DA7D1 /* Pods.xcconfig */;
			buildSettings = {
				ASSETCATALOG_COMPILER_APPICON_NAME = AppIcon;
				ASSETCATALOG_COMPILER_LAUNCHIMAGE_NAME = LaunchImage;
				GCC_PRECOMPILE_PREFIX_HEADER = YES;
				GCC_PREFIX_HEADER = "iWardrobe/iWardrobe-Prefix.pch";
				INFOPLIST_FILE = "iWardrobe/iWardrobe-Info.plist";
				IPHONEOS_DEPLOYMENT_TARGET = 8.0;
				PRODUCT_NAME = "$(TARGET_NAME)";
				WRAPPER_EXTENSION = app;
			};
			name = Debug;
		};
		5F012175190BFAD000C36277 /* Release */ = {
			isa = XCBuildConfiguration;
			baseConfigurationReference = 34421CEB34DB45E2B41DA7D1 /* Pods.xcconfig */;
			buildSettings = {
				ASSETCATALOG_COMPILER_APPICON_NAME = AppIcon;
				ASSETCATALOG_COMPILER_LAUNCHIMAGE_NAME = LaunchImage;
				GCC_PRECOMPILE_PREFIX_HEADER = YES;
				GCC_PREFIX_HEADER = "iWardrobe/iWardrobe-Prefix.pch";
				INFOPLIST_FILE = "iWardrobe/iWardrobe-Info.plist";
				IPHONEOS_DEPLOYMENT_TARGET = 8.0;
				PRODUCT_NAME = "$(TARGET_NAME)";
				WRAPPER_EXTENSION = app;
			};
			name = Release;
		};
		5F012177190BFAD000C36277 /* Debug */ = {
			isa = XCBuildConfiguration;
			buildSettings = {
				BUNDLE_LOADER = "$(BUILT_PRODUCTS_DIR)/iWardrobe.app/iWardrobe";
				FRAMEWORK_SEARCH_PATHS = (
					"$(SDKROOT)/Developer/Library/Frameworks",
					"$(inherited)",
					"$(DEVELOPER_FRAMEWORKS_DIR)",
				);
				GCC_PRECOMPILE_PREFIX_HEADER = YES;
				GCC_PREFIX_HEADER = "iWardrobe/iWardrobe-Prefix.pch";
				GCC_PREPROCESSOR_DEFINITIONS = (
					"DEBUG=1",
					"$(inherited)",
				);
				INFOPLIST_FILE = "iWardrobeTests/iWardrobeTests-Info.plist";
				PRODUCT_NAME = "$(TARGET_NAME)";
				TEST_HOST = "$(BUNDLE_LOADER)";
				WRAPPER_EXTENSION = xctest;
			};
			name = Debug;
		};
		5F012178190BFAD000C36277 /* Release */ = {
			isa = XCBuildConfiguration;
			buildSettings = {
				BUNDLE_LOADER = "$(BUILT_PRODUCTS_DIR)/iWardrobe.app/iWardrobe";
				FRAMEWORK_SEARCH_PATHS = (
					"$(SDKROOT)/Developer/Library/Frameworks",
					"$(inherited)",
					"$(DEVELOPER_FRAMEWORKS_DIR)",
				);
				GCC_PRECOMPILE_PREFIX_HEADER = YES;
				GCC_PREFIX_HEADER = "iWardrobe/iWardrobe-Prefix.pch";
				INFOPLIST_FILE = "iWardrobeTests/iWardrobeTests-Info.plist";
				PRODUCT_NAME = "$(TARGET_NAME)";
				TEST_HOST = "$(BUNDLE_LOADER)";
				WRAPPER_EXTENSION = xctest;
			};
			name = Release;
		};
/* End XCBuildConfiguration section */

/* Begin XCConfigurationList section */
		5F01213C190BFAD000C36277 /* Build configuration list for PBXProject "iWardrobe" */ = {
			isa = XCConfigurationList;
			buildConfigurations = (
				5F012171190BFAD000C36277 /* Debug */,
				5F012172190BFAD000C36277 /* Release */,
			);
			defaultConfigurationIsVisible = 0;
			defaultConfigurationName = Release;
		};
		5F012173190BFAD000C36277 /* Build configuration list for PBXNativeTarget "iWardrobe" */ = {
			isa = XCConfigurationList;
			buildConfigurations = (
				5F012174190BFAD000C36277 /* Debug */,
				5F012175190BFAD000C36277 /* Release */,
			);
			defaultConfigurationIsVisible = 0;
			defaultConfigurationName = Release;
		};
		5F012176190BFAD000C36277 /* Build configuration list for PBXNativeTarget "iWardrobeTests" */ = {
			isa = XCConfigurationList;
			buildConfigurations = (
				5F012177190BFAD000C36277 /* Debug */,
				5F012178190BFAD000C36277 /* Release */,
			);
			defaultConfigurationIsVisible = 0;
			defaultConfigurationName = Release;
		};
/* End XCConfigurationList section */

/* Begin XCVersionGroup section */
		5F01217A190C05D800C36277 /* WardrobeModel.xcdatamodeld */ = {
			isa = XCVersionGroup;
			children = (
				5F01217B190C05D800C36277 /* WardrobeModel.xcdatamodel */,
			);
			currentVersion = 5F01217B190C05D800C36277 /* WardrobeModel.xcdatamodel */;
			path = WardrobeModel.xcdatamodeld;
			sourceTree = "<group>";
			versionGroupType = wrapper.xcdatamodel;
		};
/* End XCVersionGroup section */
	};
	rootObject = 5F012139190BFAD000C36277 /* Project object */;
}
